{
  "name": "hl-img",
  "version": "1.10.5",
  "lockfileVersion": 2,
  "requires": true,
  "packages": {
    "": {
      "name": "hl-img",
      "version": "1.10.5",
      "license": "MIT",
      "funding": {
        "type": "individual",
        "url": "https://strawmelonjuice.com/?p=support"
      }
    }
  }
}
